
Microsoft Visual Studio Solution File, Format Version 11.00
# Visual C# Express 2010
Project("{FAE04EC0-301F-11D3-BF4B-00C04F79EFBC}") = "memorie", "memorie\memorie.csproj", "{E2B34DF2-7979-4960-ADFB-BC30B83F9096}"
EndProject
Global
	GlobalSection(SolutionConfigurationPlatforms) = preSolution
		Debug|x86 = Debug|x86
		Release|x86 = Release|x86
	EndGlobalSection
	GlobalSection(ProjectConfigurationPlatforms) = postSolution
		{E2B34DF2-7979-4960-ADFB-BC30B83F9096}.Debug|x86.ActiveCfg = Debug|x86
		{E2B34DF2-7979-4960-ADFB-BC30B83F9096}.Debug|x86.Build.0 = Debug|x86
		{E2B34DF2-7979-4960-ADFB-BC30B83F9096}.Release|x86.ActiveCfg = Release|x86
		{E2B34DF2-7979-4960-ADFB-BC30B83F9096}.Release|x86.Build.0 = Release|x86
	EndGlobalSection
	GlobalSection(SolutionProperties) = preSolution
		HideSolutionNode = FALSE
	EndGlobalSection
EndGlobal
