
Microsoft Visual Studio Solution File, Format Version 11.00
# Visual Studio 2010
Project("{FAE04EC0-301F-11D3-BF4B-00C04F79EFBC}") = "WindowsFormsApplication10", "WindowsFormsApplication10\WindowsFormsApplication10.csproj", "{F076700E-3096-4AE1-91F8-CB42A343BAAB}"
EndProject
Global
	GlobalSection(SolutionConfigurationPlatforms) = preSolution
		Debug|x86 = Debug|x86
		Release|x86 = Release|x86
	EndGlobalSection
	GlobalSection(ProjectConfigurationPlatforms) = postSolution
		{F076700E-3096-4AE1-91F8-CB42A343BAAB}.Debug|x86.ActiveCfg = Debug|x86
		{F076700E-3096-4AE1-91F8-CB42A343BAAB}.Debug|x86.Build.0 = Debug|x86
		{F076700E-3096-4AE1-91F8-CB42A343BAAB}.Release|x86.ActiveCfg = Release|x86
		{F076700E-3096-4AE1-91F8-CB42A343BAAB}.Release|x86.Build.0 = Release|x86
	EndGlobalSection
	GlobalSection(SolutionProperties) = preSolution
		HideSolutionNode = FALSE
	EndGlobalSection
EndGlobal
